// !$*UTF8*$!
{
	archiveVersion = 1;
	classes = {
	};
	objectVersion = 52;
	objects = {

/* Begin PBXBuildFile section */
		3BEED3F04E181CF248F232A1 /* Pods_BookCollection.framework in Frameworks */ = {isa = PBXBuildFile; fileRef = 3DFCA765E26B5A9157283683 /* Pods_BookCollection.framework */; };
		560175DC2424742A008C9578 /* BCTag.swift in Sources */ = {isa = PBXBuildFile; fileRef = 560175DB2424742A008C9578 /* BCTag.swift */; };
		560175DE242477C8008C9578 /* BCImages.swift in Sources */ = {isa = PBXBuildFile; fileRef = 560175DD242477C8008C9578 /* BCImages.swift */; };
		560175E02424789C008C9578 /* BCSeries.swift in Sources */ = {isa = PBXBuildFile; fileRef = 560175DF2424789C008C9578 /* BCSeries.swift */; };
		560175E324247979008C9578 /* BCRating.swift in Sources */ = {isa = PBXBuildFile; fileRef = 560175E224247979008C9578 /* BCRating.swift */; };
		560175E524247A00008C9578 /* BCAuthor.swift in Sources */ = {isa = PBXBuildFile; fileRef = 560175E424247A00008C9578 /* BCAuthor.swift */; };
		560175EB24250385008C9578 /* BCBookInfoService.swift in Sources */ = {isa = PBXBuildFile; fileRef = 560175EA24250385008C9578 /* BCBookInfoService.swift */; };
		560522DB242DBF4C00A11316 /* BCBookListService.swift in Sources */ = {isa = PBXBuildFile; fileRef = 560522DA242DBF4C00A11316 /* BCBookListService.swift */; };
		560522DE242DD48A00A11316 /* BCListTableViewController.swift in Sources */ = {isa = PBXBuildFile; fileRef = 560522DD242DD48A00A11316 /* BCListTableViewController.swift */; };
		560522E0242DD49E00A11316 /* BCListCollectionViewController.swift in Sources */ = {isa = PBXBuildFile; fileRef = 560522DF242DD49E00A11316 /* BCListCollectionViewController.swift */; };
		561B9231243AC95B0039FA4B /* BCTabBarViewController.swift in Sources */ = {isa = PBXBuildFile; fileRef = 561B9230243AC95B0039FA4B /* BCTabBarViewController.swift */; };
		5625EFE7242F1093001E1D6D /* BCTableViewCell.swift in Sources */ = {isa = PBXBuildFile; fileRef = 5625EFE6242F1093001E1D6D /* BCTableViewCell.swift */; };
		5625EFE9242F10CC001E1D6D /* BCCollectionViewCell.swift in Sources */ = {isa = PBXBuildFile; fileRef = 5625EFE8242F10CC001E1D6D /* BCCollectionViewCell.swift */; };
		5625EFEB242F1114001E1D6D /* BCListTableViewCell.swift in Sources */ = {isa = PBXBuildFile; fileRef = 5625EFEA242F1114001E1D6D /* BCListTableViewCell.swift */; };
		5625EFEF242F1147001E1D6D /* BCListCollectionViewCell.swift in Sources */ = {isa = PBXBuildFile; fileRef = 5625EFEE242F1147001E1D6D /* BCListCollectionViewCell.swift */; };
		562725F2242A5E2E00E6C8EC /* BCBookDAO.swift in Sources */ = {isa = PBXBuildFile; fileRef = 562725F1242A5E2E00E6C8EC /* BCBookDAO.swift */; };
		5632C660242B027D0094E804 /* BCAuthorDAO.swift in Sources */ = {isa = PBXBuildFile; fileRef = 5632C65F242B027D0094E804 /* BCAuthorDAO.swift */; };
		5632C662242B03D30094E804 /* BCTranslatorDAO.swift in Sources */ = {isa = PBXBuildFile; fileRef = 5632C661242B03D30094E804 /* BCTranslatorDAO.swift */; };
		5632C664242B04370094E804 /* BCTagDAO.swift in Sources */ = {isa = PBXBuildFile; fileRef = 5632C663242B04370094E804 /* BCTagDAO.swift */; };
		5632C666242B04410094E804 /* BCSeriesDAO.swift in Sources */ = {isa = PBXBuildFile; fileRef = 5632C665242B04410094E804 /* BCSeriesDAO.swift */; };
		5632C668242B04510094E804 /* BCImagesDAO.swift in Sources */ = {isa = PBXBuildFile; fileRef = 5632C667242B04510094E804 /* BCImagesDAO.swift */; };
		5632C66A242B04590094E804 /* BCRatingDAO.swift in Sources */ = {isa = PBXBuildFile; fileRef = 5632C669242B04590094E804 /* BCRatingDAO.swift */; };
		5632EA7924344D2E00F33DB8 /* ArrayDataSource.swift in Sources */ = {isa = PBXBuildFile; fileRef = 5632EA7824344D2E00F33DB8 /* ArrayDataSource.swift */; };
		563B7FD724346D4600664960 /* BCBook+Networking.swift in Sources */ = {isa = PBXBuildFile; fileRef = 563B7FD624346D4600664960 /* BCBook+Networking.swift */; };
		563B7FD92434710700664960 /* BCISBNCaptor.swift in Sources */ = {isa = PBXBuildFile; fileRef = 563B7FD82434710700664960 /* BCISBNCaptor.swift */; };
		563F9C84241B7B85005B8E5E /* BCSupportKit.swift in Sources */ = {isa = PBXBuildFile; fileRef = 563F9C83241B7B85005B8E5E /* BCSupportKit.swift */; };
		563F9C86241B7BCE005B8E5E /* CommonKit.swift in Sources */ = {isa = PBXBuildFile; fileRef = 563F9C85241B7BCE005B8E5E /* CommonKit.swift */; };
		564CC8952417911000E9D08B /* BCScanView.swift in Sources */ = {isa = PBXBuildFile; fileRef = 564CC8942417911000E9D08B /* BCScanView.swift */; };
		5667FB24241682D2009F9E65 /* BCListViewController.swift in Sources */ = {isa = PBXBuildFile; fileRef = 5667FB23241682D2009F9E65 /* BCListViewController.swift */; };
		5667FB262416833B009F9E65 /* BCScanViewController.swift in Sources */ = {isa = PBXBuildFile; fileRef = 5667FB252416833B009F9E65 /* BCScanViewController.swift */; };
		5667FB2824168386009F9E65 /* BCAnalyticViewController.swift in Sources */ = {isa = PBXBuildFile; fileRef = 5667FB2724168386009F9E65 /* BCAnalyticViewController.swift */; };
		566D37DD241A659B00DE970C /* BCViewController.swift in Sources */ = {isa = PBXBuildFile; fileRef = 566D37DC241A659B00DE970C /* BCViewController.swift */; };
		5671DE002419FEDC00979210 /* BCBook.swift in Sources */ = {isa = PBXBuildFile; fileRef = 5671DDFF2419FEDC00979210 /* BCBook.swift */; };
		5675CA272417637100437044 /* BCNavigationController.swift in Sources */ = {isa = PBXBuildFile; fileRef = 5675CA262417637100437044 /* BCNavigationController.swift */; };
		567B0A4624167A2D00B595A7 /* AppDelegate.swift in Sources */ = {isa = PBXBuildFile; fileRef = 567B0A4524167A2D00B595A7 /* AppDelegate.swift */; };
		567B0A4D24167A2D00B595A7 /* Main.storyboard in Resources */ = {isa = PBXBuildFile; fileRef = 567B0A4B24167A2D00B595A7 /* Main.storyboard */; };
		567B0A4F24167A2E00B595A7 /* Assets.xcassets in Resources */ = {isa = PBXBuildFile; fileRef = 567B0A4E24167A2E00B595A7 /* Assets.xcassets */; };
		567B0A5224167A2E00B595A7 /* LaunchScreen.storyboard in Resources */ = {isa = PBXBuildFile; fileRef = 567B0A5024167A2E00B595A7 /* LaunchScreen.storyboard */; };
		567B0A5D24167A2E00B595A7 /* BookCollectionTests.swift in Sources */ = {isa = PBXBuildFile; fileRef = 567B0A5C24167A2E00B595A7 /* BookCollectionTests.swift */; };
		567B0A6824167A2E00B595A7 /* BookCollectionUITests.swift in Sources */ = {isa = PBXBuildFile; fileRef = 567B0A6724167A2E00B595A7 /* BookCollectionUITests.swift */; };
		567D76492423625C00F94CD6 /* BCDatabaseOperation.swift in Sources */ = {isa = PBXBuildFile; fileRef = 567D76482423625C00F94CD6 /* BCDatabaseOperation.swift */; };
		567D764D2423B17000F94CD6 /* BCDataAccessObjects.swift in Sources */ = {isa = PBXBuildFile; fileRef = 567D764C2423B17000F94CD6 /* BCDataAccessObjects.swift */; };
		56B611EB2422296100C7C6A8 /* BCInfoViewController.swift in Sources */ = {isa = PBXBuildFile; fileRef = 56B611EA2422296100C7C6A8 /* BCInfoViewController.swift */; };
		56BB95B42426313000555EEA /* BCDatabase.swift in Sources */ = {isa = PBXBuildFile; fileRef = 56BB95B32426313000555EEA /* BCDatabase.swift */; };
		56BC57932435C689007D972F /* BCScanViewController+Alert.swift in Sources */ = {isa = PBXBuildFile; fileRef = 56BC57922435C689007D972F /* BCScanViewController+Alert.swift */; };
		56BCB9692428F18300B4D7CA /* BCDBTable.swift in Sources */ = {isa = PBXBuildFile; fileRef = 56BCB9682428F18300B4D7CA /* BCDBTable.swift */; };
		56C983BD243991A30006F878 /* BCBookStore.swift in Sources */ = {isa = PBXBuildFile; fileRef = 56C983BC243991A30006F878 /* BCBookStore.swift */; };
		56C983C02439F1FD0006F878 /* BCBookshelf.swift in Sources */ = {isa = PBXBuildFile; fileRef = 56C983BF2439F1FD0006F878 /* BCBookshelf.swift */; };
		56EC7409242711C300C684B6 /* BCResult.swift in Sources */ = {isa = PBXBuildFile; fileRef = 56EC7408242711C300C684B6 /* BCResult.swift */; };
/* End PBXBuildFile section */

/* Begin PBXContainerItemProxy section */
		567B0A5924167A2E00B595A7 /* PBXContainerItemProxy */ = {
			isa = PBXContainerItemProxy;
			containerPortal = 567B0A3A24167A2D00B595A7 /* Project object */;
			proxyType = 1;
			remoteGlobalIDString = 567B0A4124167A2D00B595A7;
			remoteInfo = BookCollection;
		};
		567B0A6424167A2E00B595A7 /* PBXContainerItemProxy */ = {
			isa = PBXContainerItemProxy;
			containerPortal = 567B0A3A24167A2D00B595A7 /* Project object */;
			proxyType = 1;
			remoteGlobalIDString = 567B0A4124167A2D00B595A7;
			remoteInfo = BookCollection;
		};
/* End PBXContainerItemProxy section */

/* Begin PBXFileReference section */
		3DFCA765E26B5A9157283683 /* Pods_BookCollection.framework */ = {isa = PBXFileReference; explicitFileType = wrapper.framework; includeInIndex = 0; path = Pods_BookCollection.framework; sourceTree = BUILT_PRODUCTS_DIR; };
		560175DB2424742A008C9578 /* BCTag.swift */ = {isa = PBXFileReference; lastKnownFileType = sourcecode.swift; path = BCTag.swift; sourceTree = "<group>"; };
		560175DD242477C8008C9578 /* BCImages.swift */ = {isa = PBXFileReference; lastKnownFileType = sourcecode.swift; path = BCImages.swift; sourceTree = "<group>"; };
		560175DF2424789C008C9578 /* BCSeries.swift */ = {isa = PBXFileReference; lastKnownFileType = sourcecode.swift; path = BCSeries.swift; sourceTree = "<group>"; };
		560175E224247979008C9578 /* BCRating.swift */ = {isa = PBXFileReference; lastKnownFileType = sourcecode.swift; path = BCRating.swift; sourceTree = "<group>"; };
		560175E424247A00008C9578 /* BCAuthor.swift */ = {isa = PBXFileReference; lastKnownFileType = sourcecode.swift; path = BCAuthor.swift; sourceTree = "<group>"; };
		560175EA24250385008C9578 /* BCBookInfoService.swift */ = {isa = PBXFileReference; lastKnownFileType = sourcecode.swift; path = BCBookInfoService.swift; sourceTree = "<group>"; };
		560522DA242DBF4C00A11316 /* BCBookListService.swift */ = {isa = PBXFileReference; lastKnownFileType = sourcecode.swift; path = BCBookListService.swift; sourceTree = "<group>"; };
		560522DD242DD48A00A11316 /* BCListTableViewController.swift */ = {isa = PBXFileReference; lastKnownFileType = sourcecode.swift; path = BCListTableViewController.swift; sourceTree = "<group>"; };
		560522DF242DD49E00A11316 /* BCListCollectionViewController.swift */ = {isa = PBXFileReference; lastKnownFileType = sourcecode.swift; path = BCListCollectionViewController.swift; sourceTree = "<group>"; };
		561B9230243AC95B0039FA4B /* BCTabBarViewController.swift */ = {isa = PBXFileReference; lastKnownFileType = sourcecode.swift; path = BCTabBarViewController.swift; sourceTree = "<group>"; };
		5625EFE6242F1093001E1D6D /* BCTableViewCell.swift */ = {isa = PBXFileReference; lastKnownFileType = sourcecode.swift; path = BCTableViewCell.swift; sourceTree = "<group>"; };
		5625EFE8242F10CC001E1D6D /* BCCollectionViewCell.swift */ = {isa = PBXFileReference; lastKnownFileType = sourcecode.swift; path = BCCollectionViewCell.swift; sourceTree = "<group>"; };
		5625EFEA242F1114001E1D6D /* BCListTableViewCell.swift */ = {isa = PBXFileReference; lastKnownFileType = sourcecode.swift; path = BCListTableViewCell.swift; sourceTree = "<group>"; };
		5625EFEE242F1147001E1D6D /* BCListCollectionViewCell.swift */ = {isa = PBXFileReference; lastKnownFileType = sourcecode.swift; path = BCListCollectionViewCell.swift; sourceTree = "<group>"; };
		562725F1242A5E2E00E6C8EC /* BCBookDAO.swift */ = {isa = PBXFileReference; lastKnownFileType = sourcecode.swift; path = BCBookDAO.swift; sourceTree = "<group>"; };
		5632C65F242B027D0094E804 /* BCAuthorDAO.swift */ = {isa = PBXFileReference; lastKnownFileType = sourcecode.swift; path = BCAuthorDAO.swift; sourceTree = "<group>"; };
		5632C661242B03D30094E804 /* BCTranslatorDAO.swift */ = {isa = PBXFileReference; lastKnownFileType = sourcecode.swift; path = BCTranslatorDAO.swift; sourceTree = "<group>"; };
		5632C663242B04370094E804 /* BCTagDAO.swift */ = {isa = PBXFileReference; lastKnownFileType = sourcecode.swift; path = BCTagDAO.swift; sourceTree = "<group>"; };
		5632C665242B04410094E804 /* BCSeriesDAO.swift */ = {isa = PBXFileReference; lastKnownFileType = sourcecode.swift; path = BCSeriesDAO.swift; sourceTree = "<group>"; };
		5632C667242B04510094E804 /* BCImagesDAO.swift */ = {isa = PBXFileReference; lastKnownFileType = sourcecode.swift; path = BCImagesDAO.swift; sourceTree = "<group>"; };
		5632C669242B04590094E804 /* BCRatingDAO.swift */ = {isa = PBXFileReference; lastKnownFileType = sourcecode.swift; path = BCRatingDAO.swift; sourceTree = "<group>"; };
		5632EA7824344D2E00F33DB8 /* ArrayDataSource.swift */ = {isa = PBXFileReference; lastKnownFileType = sourcecode.swift; path = ArrayDataSource.swift; sourceTree = "<group>"; };
		563B7FD624346D4600664960 /* BCBook+Networking.swift */ = {isa = PBXFileReference; lastKnownFileType = sourcecode.swift; path = "BCBook+Networking.swift"; sourceTree = "<group>"; };
		563B7FD82434710700664960 /* BCISBNCaptor.swift */ = {isa = PBXFileReference; lastKnownFileType = sourcecode.swift; path = BCISBNCaptor.swift; sourceTree = "<group>"; };
		563F9C83241B7B85005B8E5E /* BCSupportKit.swift */ = {isa = PBXFileReference; lastKnownFileType = sourcecode.swift; path = BCSupportKit.swift; sourceTree = "<group>"; };
		563F9C85241B7BCE005B8E5E /* CommonKit.swift */ = {isa = PBXFileReference; lastKnownFileType = sourcecode.swift; path = CommonKit.swift; sourceTree = "<group>"; };
		564CC8942417911000E9D08B /* BCScanView.swift */ = {isa = PBXFileReference; lastKnownFileType = sourcecode.swift; path = BCScanView.swift; sourceTree = "<group>"; };
		5667FB23241682D2009F9E65 /* BCListViewController.swift */ = {isa = PBXFileReference; lastKnownFileType = sourcecode.swift; path = BCListViewController.swift; sourceTree = "<group>"; };
		5667FB252416833B009F9E65 /* BCScanViewController.swift */ = {isa = PBXFileReference; lastKnownFileType = sourcecode.swift; path = BCScanViewController.swift; sourceTree = "<group>"; };
		5667FB2724168386009F9E65 /* BCAnalyticViewController.swift */ = {isa = PBXFileReference; lastKnownFileType = sourcecode.swift; path = BCAnalyticViewController.swift; sourceTree = "<group>"; };
		566D37DC241A659B00DE970C /* BCViewController.swift */ = {isa = PBXFileReference; lastKnownFileType = sourcecode.swift; path = BCViewController.swift; sourceTree = "<group>"; };
		5671DDFF2419FEDC00979210 /* BCBook.swift */ = {isa = PBXFileReference; lastKnownFileType = sourcecode.swift; path = BCBook.swift; sourceTree = "<group>"; };
		5675CA262417637100437044 /* BCNavigationController.swift */ = {isa = PBXFileReference; lastKnownFileType = sourcecode.swift; path = BCNavigationController.swift; sourceTree = "<group>"; };
		567B0A4224167A2D00B595A7 /* BookCollection.app */ = {isa = PBXFileReference; explicitFileType = wrapper.application; includeInIndex = 0; path = BookCollection.app; sourceTree = BUILT_PRODUCTS_DIR; };
		567B0A4524167A2D00B595A7 /* AppDelegate.swift */ = {isa = PBXFileReference; lastKnownFileType = sourcecode.swift; path = AppDelegate.swift; sourceTree = "<group>"; };
		567B0A4C24167A2D00B595A7 /* Base */ = {isa = PBXFileReference; lastKnownFileType = file.storyboard; name = Base; path = Base.lproj/Main.storyboard; sourceTree = "<group>"; };
		567B0A4E24167A2E00B595A7 /* Assets.xcassets */ = {isa = PBXFileReference; lastKnownFileType = folder.assetcatalog; path = Assets.xcassets; sourceTree = "<group>"; };
		567B0A5124167A2E00B595A7 /* Base */ = {isa = PBXFileReference; lastKnownFileType = file.storyboard; name = Base; path = Base.lproj/LaunchScreen.storyboard; sourceTree = "<group>"; };
		567B0A5324167A2E00B595A7 /* Info.plist */ = {isa = PBXFileReference; lastKnownFileType = text.plist.xml; path = Info.plist; sourceTree = "<group>"; };
		567B0A5824167A2E00B595A7 /* BookCollectionTests.xctest */ = {isa = PBXFileReference; explicitFileType = wrapper.cfbundle; includeInIndex = 0; path = BookCollectionTests.xctest; sourceTree = BUILT_PRODUCTS_DIR; };
		567B0A5C24167A2E00B595A7 /* BookCollectionTests.swift */ = {isa = PBXFileReference; lastKnownFileType = sourcecode.swift; path = BookCollectionTests.swift; sourceTree = "<group>"; };
		567B0A5E24167A2E00B595A7 /* Info.plist */ = {isa = PBXFileReference; lastKnownFileType = text.plist.xml; path = Info.plist; sourceTree = "<group>"; };
		567B0A6324167A2E00B595A7 /* BookCollectionUITests.xctest */ = {isa = PBXFileReference; explicitFileType = wrapper.cfbundle; includeInIndex = 0; path = BookCollectionUITests.xctest; sourceTree = BUILT_PRODUCTS_DIR; };
		567B0A6724167A2E00B595A7 /* BookCollectionUITests.swift */ = {isa = PBXFileReference; lastKnownFileType = sourcecode.swift; path = BookCollectionUITests.swift; sourceTree = "<group>"; };
		567B0A6924167A2E00B595A7 /* Info.plist */ = {isa = PBXFileReference; lastKnownFileType = text.plist.xml; path = Info.plist; sourceTree = "<group>"; };
		567D76482423625C00F94CD6 /* BCDatabaseOperation.swift */ = {isa = PBXFileReference; lastKnownFileType = sourcecode.swift; path = BCDatabaseOperation.swift; sourceTree = "<group>"; };
		567D764C2423B17000F94CD6 /* BCDataAccessObjects.swift */ = {isa = PBXFileReference; lastKnownFileType = sourcecode.swift; path = BCDataAccessObjects.swift; sourceTree = "<group>"; };
		56B611EA2422296100C7C6A8 /* BCInfoViewController.swift */ = {isa = PBXFileReference; lastKnownFileType = sourcecode.swift; path = BCInfoViewController.swift; sourceTree = "<group>"; };
		56BB95B32426313000555EEA /* BCDatabase.swift */ = {isa = PBXFileReference; lastKnownFileType = sourcecode.swift; path = BCDatabase.swift; sourceTree = "<group>"; };
		56BC57922435C689007D972F /* BCScanViewController+Alert.swift */ = {isa = PBXFileReference; lastKnownFileType = sourcecode.swift; path = "BCScanViewController+Alert.swift"; sourceTree = "<group>"; };
		56BCB9682428F18300B4D7CA /* BCDBTable.swift */ = {isa = PBXFileReference; lastKnownFileType = sourcecode.swift; path = BCDBTable.swift; sourceTree = "<group>"; };
		56C983BC243991A30006F878 /* BCBookStore.swift */ = {isa = PBXFileReference; lastKnownFileType = sourcecode.swift; path = BCBookStore.swift; sourceTree = "<group>"; };
		56C983BF2439F1FD0006F878 /* BCBookshelf.swift */ = {isa = PBXFileReference; lastKnownFileType = sourcecode.swift; path = BCBookshelf.swift; sourceTree = "<group>"; };
		56EC7408242711C300C684B6 /* BCResult.swift */ = {isa = PBXFileReference; lastKnownFileType = sourcecode.swift; path = BCResult.swift; sourceTree = "<group>"; };
		C3AEABD81807DB8C6E651C4D /* Pods-BookCollection.release.xcconfig */ = {isa = PBXFileReference; includeInIndex = 1; lastKnownFileType = text.xcconfig; name = "Pods-BookCollection.release.xcconfig"; path = "Target Support Files/Pods-BookCollection/Pods-BookCollection.release.xcconfig"; sourceTree = "<group>"; };
		F4CF3752E322A66A69ADE8E9 /* Pods-BookCollection.debug.xcconfig */ = {isa = PBXFileReference; includeInIndex = 1; lastKnownFileType = text.xcconfig; name = "Pods-BookCollection.debug.xcconfig"; path = "Target Support Files/Pods-BookCollection/Pods-BookCollection.debug.xcconfig"; sourceTree = "<group>"; };
/* End PBXFileReference section */

/* Begin PBXFrameworksBuildPhase section */
		567B0A3F24167A2D00B595A7 /* Frameworks */ = {
			isa = PBXFrameworksBuildPhase;
			buildActionMask = 2147483647;
			files = (
				3BEED3F04E181CF248F232A1 /* Pods_BookCollection.framework in Frameworks */,
			);
			runOnlyForDeploymentPostprocessing = 0;
		};
		567B0A5524167A2E00B595A7 /* Frameworks */ = {
			isa = PBXFrameworksBuildPhase;
			buildActionMask = 2147483647;
			files = (
			);
			runOnlyForDeploymentPostprocessing = 0;
		};
		567B0A6024167A2E00B595A7 /* Frameworks */ = {
			isa = PBXFrameworksBuildPhase;
			buildActionMask = 2147483647;
			files = (
			);
			runOnlyForDeploymentPostprocessing = 0;
		};
/* End PBXFrameworksBuildPhase section */

/* Begin PBXGroup section */
		3EEB73168846681EE5D551F7 /* Frameworks */ = {
			isa = PBXGroup;
			children = (
				3DFCA765E26B5A9157283683 /* Pods_BookCollection.framework */,
			);
			name = Frameworks;
			sourceTree = "<group>";
		};
		560522DC242DD44A00A11316 /* ListViewControllers */ = {
			isa = PBXGroup;
			children = (
				5625EFEC242F1126001E1D6D /* TableView */,
				5625EFED242F1131001E1D6D /* CollectionView */,
			);
			path = ListViewControllers;
			sourceTree = "<group>";
		};
		5625EFEC242F1126001E1D6D /* TableView */ = {
			isa = PBXGroup;
			children = (
				560522DD242DD48A00A11316 /* BCListTableViewController.swift */,
				5625EFEA242F1114001E1D6D /* BCListTableViewCell.swift */,
			);
			path = TableView;
			sourceTree = "<group>";
		};
		5625EFED242F1131001E1D6D /* CollectionView */ = {
			isa = PBXGroup;
			children = (
				560522DF242DD49E00A11316 /* BCListCollectionViewController.swift */,
				5625EFEE242F1147001E1D6D /* BCListCollectionViewCell.swift */,
			);
			path = CollectionView;
			sourceTree = "<group>";
		};
		562725F0242A5DC500E6C8EC /* DAO */ = {
			isa = PBXGroup;
			children = (
				567D764C2423B17000F94CD6 /* BCDataAccessObjects.swift */,
				562725F1242A5E2E00E6C8EC /* BCBookDAO.swift */,
				5632C65F242B027D0094E804 /* BCAuthorDAO.swift */,
				5632C661242B03D30094E804 /* BCTranslatorDAO.swift */,
				5632C663242B04370094E804 /* BCTagDAO.swift */,
				5632C665242B04410094E804 /* BCSeriesDAO.swift */,
				5632C667242B04510094E804 /* BCImagesDAO.swift */,
				5632C669242B04590094E804 /* BCRatingDAO.swift */,
			);
			path = DAO;
			sourceTree = "<group>";
		};
		563F9C87241B7BDA005B8E5E /* Kits */ = {
			isa = PBXGroup;
			children = (
				563F9C83241B7B85005B8E5E /* BCSupportKit.swift */,
				563B7FD82434710700664960 /* BCISBNCaptor.swift */,
				56EC7408242711C300C684B6 /* BCResult.swift */,
				563F9C85241B7BCE005B8E5E /* CommonKit.swift */,
			);
			path = Kits;
			sourceTree = "<group>";
		};
		564CC893241790CD00E9D08B /* Views */ = {
			isa = PBXGroup;
			children = (
				564CC8942417911000E9D08B /* BCScanView.swift */,
			);
			path = Views;
			sourceTree = "<group>";
		};
		5667FB2224168259009F9E65 /* Modules */ = {
			isa = PBXGroup;
			children = (
				5675CA282417637600437044 /* Bases */,
				560522DC242DD44A00A11316 /* ListViewControllers */,
				564CC893241790CD00E9D08B /* Views */,
				5667FB23241682D2009F9E65 /* BCListViewController.swift */,
				5667FB252416833B009F9E65 /* BCScanViewController.swift */,
				56BC57922435C689007D972F /* BCScanViewController+Alert.swift */,
				5667FB2724168386009F9E65 /* BCAnalyticViewController.swift */,
				56B611EA2422296100C7C6A8 /* BCInfoViewController.swift */,
				5632EA7824344D2E00F33DB8 /* ArrayDataSource.swift */,
				561B9230243AC95B0039FA4B /* BCTabBarViewController.swift */,
			);
			path = Modules;
			sourceTree = "<group>";
		};
		5671DDFE2419FEB900979210 /* Models */ = {
			isa = PBXGroup;
			children = (
				5671DDFF2419FEDC00979210 /* BCBook.swift */,
				560175DB2424742A008C9578 /* BCTag.swift */,
				560175DD242477C8008C9578 /* BCImages.swift */,
				560175DF2424789C008C9578 /* BCSeries.swift */,
				560175E224247979008C9578 /* BCRating.swift */,
				560175E424247A00008C9578 /* BCAuthor.swift */,
			);
			path = Models;
			sourceTree = "<group>";
		};
		5675CA282417637600437044 /* Bases */ = {
			isa = PBXGroup;
			children = (
				5675CA262417637100437044 /* BCNavigationController.swift */,
				566D37DC241A659B00DE970C /* BCViewController.swift */,
				5625EFE6242F1093001E1D6D /* BCTableViewCell.swift */,
				5625EFE8242F10CC001E1D6D /* BCCollectionViewCell.swift */,
			);
			path = Bases;
			sourceTree = "<group>";
		};
		5675CA292417642500437044 /* Storyboards */ = {
			isa = PBXGroup;
			children = (
				567B0A4B24167A2D00B595A7 /* Main.storyboard */,
				567B0A5024167A2E00B595A7 /* LaunchScreen.storyboard */,
			);
			path = Storyboards;
			sourceTree = "<group>";
		};
		5675CA2A2417644600437044 /* Assets */ = {
			isa = PBXGroup;
			children = (
				567B0A4E24167A2E00B595A7 /* Assets.xcassets */,
			);
			path = Assets;
			sourceTree = "<group>";
		};
		5675CA2B2417652300437044 /* AppDelegate */ = {
			isa = PBXGroup;
			children = (
				567B0A4524167A2D00B595A7 /* AppDelegate.swift */,
				567B0A5324167A2E00B595A7 /* Info.plist */,
			);
			path = AppDelegate;
			sourceTree = "<group>";
		};
		567B0A3924167A2D00B595A7 = {
			isa = PBXGroup;
			children = (
				567B0A4424167A2D00B595A7 /* BookCollection */,
				567B0A5B24167A2E00B595A7 /* BookCollectionTests */,
				567B0A6624167A2E00B595A7 /* BookCollectionUITests */,
				567B0A4324167A2D00B595A7 /* Products */,
				61C4266BA1D85BAB2D658C5D /* Pods */,
				3EEB73168846681EE5D551F7 /* Frameworks */,
			);
			sourceTree = "<group>";
		};
		567B0A4324167A2D00B595A7 /* Products */ = {
			isa = PBXGroup;
			children = (
				567B0A4224167A2D00B595A7 /* BookCollection.app */,
				567B0A5824167A2E00B595A7 /* BookCollectionTests.xctest */,
				567B0A6324167A2E00B595A7 /* BookCollectionUITests.xctest */,
			);
			name = Products;
			sourceTree = "<group>";
		};
		567B0A4424167A2D00B595A7 /* BookCollection */ = {
			isa = PBXGroup;
			children = (
				5675CA2A2417644600437044 /* Assets */,
				5671DDFE2419FEB900979210 /* Models */,
				56C983BE2439BD5E0006F878 /* Networking */,
				567D764A24239FA300F94CD6 /* Stores */,
				562725F0242A5DC500E6C8EC /* DAO */,
				567D76472423619C00F94CD6 /* Database */,
				5667FB2224168259009F9E65 /* Modules */,
				563F9C87241B7BDA005B8E5E /* Kits */,
				5675CA2B2417652300437044 /* AppDelegate */,
				5675CA292417642500437044 /* Storyboards */,
			);
			path = BookCollection;
			sourceTree = "<group>";
		};
		567B0A5B24167A2E00B595A7 /* BookCollectionTests */ = {
			isa = PBXGroup;
			children = (
				567B0A5C24167A2E00B595A7 /* BookCollectionTests.swift */,
				567B0A5E24167A2E00B595A7 /* Info.plist */,
			);
			path = BookCollectionTests;
			sourceTree = "<group>";
		};
		567B0A6624167A2E00B595A7 /* BookCollectionUITests */ = {
			isa = PBXGroup;
			children = (
				567B0A6724167A2E00B595A7 /* BookCollectionUITests.swift */,
				567B0A6924167A2E00B595A7 /* Info.plist */,
			);
			path = BookCollectionUITests;
			sourceTree = "<group>";
		};
		567D76472423619C00F94CD6 /* Database */ = {
			isa = PBXGroup;
			children = (
				56BB95B32426313000555EEA /* BCDatabase.swift */,
				567D76482423625C00F94CD6 /* BCDatabaseOperation.swift */,
				56BCB9682428F18300B4D7CA /* BCDBTable.swift */,
			);
			path = Database;
			sourceTree = "<group>";
		};
		567D764A24239FA300F94CD6 /* Stores */ = {
			isa = PBXGroup;
			children = (
				560175EA24250385008C9578 /* BCBookInfoService.swift */,
				560522DA242DBF4C00A11316 /* BCBookListService.swift */,
				56C983BC243991A30006F878 /* BCBookStore.swift */,
				56C983BF2439F1FD0006F878 /* BCBookshelf.swift */,
			);
			path = Stores;
			sourceTree = "<group>";
		};
		56C983BE2439BD5E0006F878 /* Networking */ = {
			isa = PBXGroup;
			children = (
				563B7FD624346D4600664960 /* BCBook+Networking.swift */,
			);
			path = Networking;
			sourceTree = "<group>";
		};
		61C4266BA1D85BAB2D658C5D /* Pods */ = {
			isa = PBXGroup;
			children = (
				F4CF3752E322A66A69ADE8E9 /* Pods-BookCollection.debug.xcconfig */,
				C3AEABD81807DB8C6E651C4D /* Pods-BookCollection.release.xcconfig */,
			);
			path = Pods;
			sourceTree = "<group>";
		};
/* End PBXGroup section */

/* Begin PBXNativeTarget section */
		567B0A4124167A2D00B595A7 /* BookCollection */ = {
			isa = PBXNativeTarget;
			buildConfigurationList = 567B0A6C24167A2E00B595A7 /* Build configuration list for PBXNativeTarget "BookCollection" */;
			buildPhases = (
				AB00B744E63C10A46E7BE78E /* [CP] Check Pods Manifest.lock */,
				567B0A3E24167A2D00B595A7 /* Sources */,
				567B0A3F24167A2D00B595A7 /* Frameworks */,
				567B0A4024167A2D00B595A7 /* Resources */,
				35BA3FEB1E32F005A6E6BABF /* [CP] Embed Pods Frameworks */,
			);
			buildRules = (
			);
			dependencies = (
			);
			name = BookCollection;
			productName = BookCollection;
			productReference = 567B0A4224167A2D00B595A7 /* BookCollection.app */;
			productType = "com.apple.product-type.application";
		};
		567B0A5724167A2E00B595A7 /* BookCollectionTests */ = {
			isa = PBXNativeTarget;
			buildConfigurationList = 567B0A6F24167A2E00B595A7 /* Build configuration list for PBXNativeTarget "BookCollectionTests" */;
			buildPhases = (
				567B0A5424167A2E00B595A7 /* Sources */,
				567B0A5524167A2E00B595A7 /* Frameworks */,
				567B0A5624167A2E00B595A7 /* Resources */,
			);
			buildRules = (
			);
			dependencies = (
				567B0A5A24167A2E00B595A7 /* PBXTargetDependency */,
			);
			name = BookCollectionTests;
			productName = BookCollectionTests;
			productReference = 567B0A5824167A2E00B595A7 /* BookCollectionTests.xctest */;
			productType = "com.apple.product-type.bundle.unit-test";
		};
		567B0A6224167A2E00B595A7 /* BookCollectionUITests */ = {
			isa = PBXNativeTarget;
			buildConfigurationList = 567B0A7224167A2E00B595A7 /* Build configuration list for PBXNativeTarget "BookCollectionUITests" */;
			buildPhases = (
				567B0A5F24167A2E00B595A7 /* Sources */,
				567B0A6024167A2E00B595A7 /* Frameworks */,
				567B0A6124167A2E00B595A7 /* Resources */,
			);
			buildRules = (
			);
			dependencies = (
				567B0A6524167A2E00B595A7 /* PBXTargetDependency */,
			);
			name = BookCollectionUITests;
			productName = BookCollectionUITests;
			productReference = 567B0A6324167A2E00B595A7 /* BookCollectionUITests.xctest */;
			productType = "com.apple.product-type.bundle.ui-testing";
		};
/* End PBXNativeTarget section */

/* Begin PBXProject section */
		567B0A3A24167A2D00B595A7 /* Project object */ = {
			isa = PBXProject;
			attributes = {
				LastSwiftUpdateCheck = 1130;
				LastUpgradeCheck = 1130;
				ORGANIZATIONNAME = VARRTIX;
				TargetAttributes = {
					567B0A4124167A2D00B595A7 = {
						CreatedOnToolsVersion = 11.3.1;
					};
					567B0A5724167A2E00B595A7 = {
						CreatedOnToolsVersion = 11.3.1;
						TestTargetID = 567B0A4124167A2D00B595A7;
					};
					567B0A6224167A2E00B595A7 = {
						CreatedOnToolsVersion = 11.3.1;
						TestTargetID = 567B0A4124167A2D00B595A7;
					};
				};
			};
			buildConfigurationList = 567B0A3D24167A2D00B595A7 /* Build configuration list for PBXProject "BookCollection" */;
			compatibilityVersion = "Xcode 11.0";
			developmentRegion = en;
			hasScannedForEncodings = 0;
			knownRegions = (
				en,
				Base,
			);
			mainGroup = 567B0A3924167A2D00B595A7;
			productRefGroup = 567B0A4324167A2D00B595A7 /* Products */;
			projectDirPath = "";
			projectRoot = "";
			targets = (
				567B0A4124167A2D00B595A7 /* BookCollection */,
				567B0A5724167A2E00B595A7 /* BookCollectionTests */,
				567B0A6224167A2E00B595A7 /* BookCollectionUITests */,
			);
		};
/* End PBXProject section */

/* Begin PBXResourcesBuildPhase section */
		567B0A4024167A2D00B595A7 /* Resources */ = {
			isa = PBXResourcesBuildPhase;
			buildActionMask = 2147483647;
			files = (
				567B0A5224167A2E00B595A7 /* LaunchScreen.storyboard in Resources */,
				567B0A4F24167A2E00B595A7 /* Assets.xcassets in Resources */,
				567B0A4D24167A2D00B595A7 /* Main.storyboard in Resources */,
			);
			runOnlyForDeploymentPostprocessing = 0;
		};
		567B0A5624167A2E00B595A7 /* Resources */ = {
			isa = PBXResourcesBuildPhase;
			buildActionMask = 2147483647;
			files = (
			);
			runOnlyForDeploymentPostprocessing = 0;
		};
		567B0A6124167A2E00B595A7 /* Resources */ = {
			isa = PBXResourcesBuildPhase;
			buildActionMask = 2147483647;
			files = (
			);
			runOnlyForDeploymentPostprocessing = 0;
		};
/* End PBXResourcesBuildPhase section */

/* Begin PBXShellScriptBuildPhase section */
		35BA3FEB1E32F005A6E6BABF /* [CP] Embed Pods Frameworks */ = {
			isa = PBXShellScriptBuildPhase;
			buildActionMask = 2147483647;
			files = (
			);
			inputFileListPaths = (
				"${PODS_ROOT}/Target Support Files/Pods-BookCollection/Pods-BookCollection-frameworks-${CONFIGURATION}-input-files.xcfilelist",
			);
			name = "[CP] Embed Pods Frameworks";
			outputFileListPaths = (
				"${PODS_ROOT}/Target Support Files/Pods-BookCollection/Pods-BookCollection-frameworks-${CONFIGURATION}-output-files.xcfilelist",
			);
			runOnlyForDeploymentPostprocessing = 0;
			shellPath = /bin/sh;
			shellScript = "\"${PODS_ROOT}/Target Support Files/Pods-BookCollection/Pods-BookCollection-frameworks.sh\"\n";
			showEnvVarsInLog = 0;
		};
		AB00B744E63C10A46E7BE78E /* [CP] Check Pods Manifest.lock */ = {
			isa = PBXShellScriptBuildPhase;
			buildActionMask = 2147483647;
			files = (
			);
			inputFileListPaths = (
			);
			inputPaths = (
				"${PODS_PODFILE_DIR_PATH}/Podfile.lock",
				"${PODS_ROOT}/Manifest.lock",
			);
			name = "[CP] Check Pods Manifest.lock";
			outputFileListPaths = (
			);
			outputPaths = (
				"$(DERIVED_FILE_DIR)/Pods-BookCollection-checkManifestLockResult.txt",
			);
			runOnlyForDeploymentPostprocessing = 0;
			shellPath = /bin/sh;
			shellScript = "diff \"${PODS_PODFILE_DIR_PATH}/Podfile.lock\" \"${PODS_ROOT}/Manifest.lock\" > /dev/null\nif [ $? != 0 ] ; then\n    # print error to STDERR\n    echo \"error: The sandbox is not in sync with the Podfile.lock. Run 'pod install' or update your CocoaPods installation.\" >&2\n    exit 1\nfi\n# This output is used by Xcode 'outputs' to avoid re-running this script phase.\necho \"SUCCESS\" > \"${SCRIPT_OUTPUT_FILE_0}\"\n";
			showEnvVarsInLog = 0;
		};
/* End PBXShellScriptBuildPhase section */

/* Begin PBXSourcesBuildPhase section */
		567B0A3E24167A2D00B595A7 /* Sources */ = {
			isa = PBXSourcesBuildPhase;
			buildActionMask = 2147483647;
			files = (
				5632C666242B04410094E804 /* BCSeriesDAO.swift in Sources */,
				5625EFE9242F10CC001E1D6D /* BCCollectionViewCell.swift in Sources */,
				5667FB2824168386009F9E65 /* BCAnalyticViewController.swift in Sources */,
				560522DE242DD48A00A11316 /* BCListTableViewController.swift in Sources */,
				5667FB24241682D2009F9E65 /* BCListViewController.swift in Sources */,
				56B611EB2422296100C7C6A8 /* BCInfoViewController.swift in Sources */,
				560175EB24250385008C9578 /* BCBookInfoService.swift in Sources */,
				5671DE002419FEDC00979210 /* BCBook.swift in Sources */,
				567D76492423625C00F94CD6 /* BCDatabaseOperation.swift in Sources */,
				5625EFE7242F1093001E1D6D /* BCTableViewCell.swift in Sources */,
				5625EFEF242F1147001E1D6D /* BCListCollectionViewCell.swift in Sources */,
				561B9231243AC95B0039FA4B /* BCTabBarViewController.swift in Sources */,
				560522DB242DBF4C00A11316 /* BCBookListService.swift in Sources */,
				56BC57932435C689007D972F /* BCScanViewController+Alert.swift in Sources */,
				560175E02424789C008C9578 /* BCSeries.swift in Sources */,
				5632C66A242B04590094E804 /* BCRatingDAO.swift in Sources */,
				564CC8952417911000E9D08B /* BCScanView.swift in Sources */,
				5675CA272417637100437044 /* BCNavigationController.swift in Sources */,
				56BB95B42426313000555EEA /* BCDatabase.swift in Sources */,
				567D764D2423B17000F94CD6 /* BCDataAccessObjects.swift in Sources */,
				560175E524247A00008C9578 /* BCAuthor.swift in Sources */,
				56C983C02439F1FD0006F878 /* BCBookshelf.swift in Sources */,
				560175DE242477C8008C9578 /* BCImages.swift in Sources */,
				5625EFEB242F1114001E1D6D /* BCListTableViewCell.swift in Sources */,
				5632C668242B04510094E804 /* BCImagesDAO.swift in Sources */,
				560175E324247979008C9578 /* BCRating.swift in Sources */,
				56EC7409242711C300C684B6 /* BCResult.swift in Sources */,
				5632C664242B04370094E804 /* BCTagDAO.swift in Sources */,
				560522E0242DD49E00A11316 /* BCListCollectionViewController.swift in Sources */,
				563F9C86241B7BCE005B8E5E /* CommonKit.swift in Sources */,
				56C983BD243991A30006F878 /* BCBookStore.swift in Sources */,
				5632EA7924344D2E00F33DB8 /* ArrayDataSource.swift in Sources */,
				566D37DD241A659B00DE970C /* BCViewController.swift in Sources */,
				567B0A4624167A2D00B595A7 /* AppDelegate.swift in Sources */,
				563F9C84241B7B85005B8E5E /* BCSupportKit.swift in Sources */,
				56BCB9692428F18300B4D7CA /* BCDBTable.swift in Sources */,
				560175DC2424742A008C9578 /* BCTag.swift in Sources */,
				563B7FD724346D4600664960 /* BCBook+Networking.swift in Sources */,
				563B7FD92434710700664960 /* BCISBNCaptor.swift in Sources */,
				5632C660242B027D0094E804 /* BCAuthorDAO.swift in Sources */,
				562725F2242A5E2E00E6C8EC /* BCBookDAO.swift in Sources */,
				5667FB262416833B009F9E65 /* BCScanViewController.swift in Sources */,
				5632C662242B03D30094E804 /* BCTranslatorDAO.swift in Sources */,
			);
			runOnlyForDeploymentPostprocessing = 0;
		};
		567B0A5424167A2E00B595A7 /* Sources */ = {
			isa = PBXSourcesBuildPhase;
			buildActionMask = 2147483647;
			files = (
				567B0A5D24167A2E00B595A7 /* BookCollectionTests.swift in Sources */,
			);
			runOnlyForDeploymentPostprocessing = 0;
		};
		567B0A5F24167A2E00B595A7 /* Sources */ = {
			isa = PBXSourcesBuildPhase;
			buildActionMask = 2147483647;
			files = (
				567B0A6824167A2E00B595A7 /* BookCollectionUITests.swift in Sources */,
			);
			runOnlyForDeploymentPostprocessing = 0;
		};
/* End PBXSourcesBuildPhase section */

/* Begin PBXTargetDependency section */
		567B0A5A24167A2E00B595A7 /* PBXTargetDependency */ = {
			isa = PBXTargetDependency;
			target = 567B0A4124167A2D00B595A7 /* BookCollection */;
			targetProxy = 567B0A5924167A2E00B595A7 /* PBXContainerItemProxy */;
		};
		567B0A6524167A2E00B595A7 /* PBXTargetDependency */ = {
			isa = PBXTargetDependency;
			target = 567B0A4124167A2D00B595A7 /* BookCollection */;
			targetProxy = 567B0A6424167A2E00B595A7 /* PBXContainerItemProxy */;
		};
/* End PBXTargetDependency section */

/* Begin PBXVariantGroup section */
		567B0A4B24167A2D00B595A7 /* Main.storyboard */ = {
			isa = PBXVariantGroup;
			children = (
				567B0A4C24167A2D00B595A7 /* Base */,
			);
			name = Main.storyboard;
			sourceTree = "<group>";
		};
		567B0A5024167A2E00B595A7 /* LaunchScreen.storyboard */ = {
			isa = PBXVariantGroup;
			children = (
				567B0A5124167A2E00B595A7 /* Base */,
			);
			name = LaunchScreen.storyboard;
			sourceTree = "<group>";
		};
/* End PBXVariantGroup section */

/* Begin XCBuildConfiguration section */
		567B0A6A24167A2E00B595A7 /* Debug */ = {
			isa = XCBuildConfiguration;
			buildSettings = {
				ALWAYS_SEARCH_USER_PATHS = NO;
				CLANG_ANALYZER_NONNULL = YES;
				CLANG_ANALYZER_NUMBER_OBJECT_CONVERSION = YES_AGGRESSIVE;
				CLANG_CXX_LANGUAGE_STANDARD = "gnu++14";
				CLANG_CXX_LIBRARY = "libc++";
				CLANG_ENABLE_MODULES = YES;
				CLANG_ENABLE_OBJC_ARC = YES;
				CLANG_ENABLE_OBJC_WEAK = YES;
				CLANG_WARN_BLOCK_CAPTURE_AUTORELEASING = YES;
				CLANG_WARN_BOOL_CONVERSION = YES;
				CLANG_WARN_COMMA = YES;
				CLANG_WARN_CONSTANT_CONVERSION = YES;
				CLANG_WARN_DEPRECATED_OBJC_IMPLEMENTATIONS = YES;
				CLANG_WARN_DIRECT_OBJC_ISA_USAGE = YES_ERROR;
				CLANG_WARN_DOCUMENTATION_COMMENTS = YES;
				CLANG_WARN_EMPTY_BODY = YES;
				CLANG_WARN_ENUM_CONVERSION = YES;
				CLANG_WARN_INFINITE_RECURSION = YES;
				CLANG_WARN_INT_CONVERSION = YES;
				CLANG_WARN_NON_LITERAL_NULL_CONVERSION = YES;
				CLANG_WARN_OBJC_IMPLICIT_RETAIN_SELF = YES;
				CLANG_WARN_OBJC_LITERAL_CONVERSION = YES;
				CLANG_WARN_OBJC_ROOT_CLASS = YES_ERROR;
				CLANG_WARN_RANGE_LOOP_ANALYSIS = YES;
				CLANG_WARN_STRICT_PROTOTYPES = YES;
				CLANG_WARN_SUSPICIOUS_MOVE = YES;
				CLANG_WARN_UNGUARDED_AVAILABILITY = YES_AGGRESSIVE;
				CLANG_WARN_UNREACHABLE_CODE = YES;
				CLANG_WARN__DUPLICATE_METHOD_MATCH = YES;
				COPY_PHASE_STRIP = NO;
				DEBUG_INFORMATION_FORMAT = dwarf;
				ENABLE_STRICT_OBJC_MSGSEND = YES;
				ENABLE_TESTABILITY = YES;
				GCC_C_LANGUAGE_STANDARD = gnu11;
				GCC_DYNAMIC_NO_PIC = NO;
				GCC_NO_COMMON_BLOCKS = YES;
				GCC_OPTIMIZATION_LEVEL = 0;
				GCC_PREPROCESSOR_DEFINITIONS = (
					"DEBUG=1",
					"$(inherited)",
				);
				GCC_WARN_64_TO_32_BIT_CONVERSION = YES;
				GCC_WARN_ABOUT_RETURN_TYPE = YES_ERROR;
				GCC_WARN_UNDECLARED_SELECTOR = YES;
				GCC_WARN_UNINITIALIZED_AUTOS = YES_AGGRESSIVE;
				GCC_WARN_UNUSED_FUNCTION = YES;
				GCC_WARN_UNUSED_VARIABLE = YES;
				IPHONEOS_DEPLOYMENT_TARGET = 12.4;
				MTL_ENABLE_DEBUG_INFO = INCLUDE_SOURCE;
				MTL_FAST_MATH = YES;
				ONLY_ACTIVE_ARCH = YES;
				SDKROOT = iphoneos;
				SWIFT_ACTIVE_COMPILATION_CONDITIONS = DEBUG;
				SWIFT_OPTIMIZATION_LEVEL = "-Onone";
			};
			name = Debug;
		};
		567B0A6B24167A2E00B595A7 /* Release */ = {
			isa = XCBuildConfiguration;
			buildSettings = {
				ALWAYS_SEARCH_USER_PATHS = NO;
				CLANG_ANALYZER_NONNULL = YES;
				CLANG_ANALYZER_NUMBER_OBJECT_CONVERSION = YES_AGGRESSIVE;
				CLANG_CXX_LANGUAGE_STANDARD = "gnu++14";
				CLANG_CXX_LIBRARY = "libc++";
				CLANG_ENABLE_MODULES = YES;
				CLANG_ENABLE_OBJC_ARC = YES;
				CLANG_ENABLE_OBJC_WEAK = YES;
				CLANG_WARN_BLOCK_CAPTURE_AUTORELEASING = YES;
				CLANG_WARN_BOOL_CONVERSION = YES;
				CLANG_WARN_COMMA = YES;
				CLANG_WARN_CONSTANT_CONVERSION = YES;
				CLANG_WARN_DEPRECATED_OBJC_IMPLEMENTATIONS = YES;
				CLANG_WARN_DIRECT_OBJC_ISA_USAGE = YES_ERROR;
				CLANG_WARN_DOCUMENTATION_COMMENTS = YES;
				CLANG_WARN_EMPTY_BODY = YES;
				CLANG_WARN_ENUM_CONVERSION = YES;
				CLANG_WARN_INFINITE_RECURSION = YES;
				CLANG_WARN_INT_CONVERSION = YES;
				CLANG_WARN_NON_LITERAL_NULL_CONVERSION = YES;
				CLANG_WARN_OBJC_IMPLICIT_RETAIN_SELF = YES;
				CLANG_WARN_OBJC_LITERAL_CONVERSION = YES;
				CLANG_WARN_OBJC_ROOT_CLASS = YES_ERROR;
				CLANG_WARN_RANGE_LOOP_ANALYSIS = YES;
				CLANG_WARN_STRICT_PROTOTYPES = YES;
				CLANG_WARN_SUSPICIOUS_MOVE = YES;
				CLANG_WARN_UNGUARDED_AVAILABILITY = YES_AGGRESSIVE;
				CLANG_WARN_UNREACHABLE_CODE = YES;
				CLANG_WARN__DUPLICATE_METHOD_MATCH = YES;
				COPY_PHASE_STRIP = NO;
				DEBUG_INFORMATION_FORMAT = "dwarf-with-dsym";
				ENABLE_NS_ASSERTIONS = NO;
				ENABLE_STRICT_OBJC_MSGSEND = YES;
				GCC_C_LANGUAGE_STANDARD = gnu11;
				GCC_NO_COMMON_BLOCKS = YES;
				GCC_WARN_64_TO_32_BIT_CONVERSION = YES;
				GCC_WARN_ABOUT_RETURN_TYPE = YES_ERROR;
				GCC_WARN_UNDECLARED_SELECTOR = YES;
				GCC_WARN_UNINITIALIZED_AUTOS = YES_AGGRESSIVE;
				GCC_WARN_UNUSED_FUNCTION = YES;
				GCC_WARN_UNUSED_VARIABLE = YES;
				IPHONEOS_DEPLOYMENT_TARGET = 12.4;
				MTL_ENABLE_DEBUG_INFO = NO;
				MTL_FAST_MATH = YES;
				SDKROOT = iphoneos;
				SWIFT_COMPILATION_MODE = wholemodule;
				SWIFT_OPTIMIZATION_LEVEL = "-O";
				VALIDATE_PRODUCT = YES;
			};
			name = Release;
		};
		567B0A6D24167A2E00B595A7 /* Debug */ = {
			isa = XCBuildConfiguration;
			baseConfigurationReference = F4CF3752E322A66A69ADE8E9 /* Pods-BookCollection.debug.xcconfig */;
			buildSettings = {
				ASSETCATALOG_COMPILER_APPICON_NAME = AppIcon;
				ASSETCATALOG_COMPILER_LAUNCHIMAGE_NAME = "";
				CODE_SIGN_STYLE = Automatic;
				DEVELOPMENT_TEAM = 8357EARWFK;
				INFOPLIST_FILE = "$(SRCROOT)/BookCollection/AppDelegate/Info.plist";
				LD_RUNPATH_SEARCH_PATHS = (
					"$(inherited)",
					"@executable_path/Frameworks",
				);
				PRODUCT_BUNDLE_IDENTIFIER = com.varrtix.BookCollection;
				PRODUCT_NAME = "$(TARGET_NAME)";
				SWIFT_VERSION = 5.0;
				TARGETED_DEVICE_FAMILY = 1;
			};
			name = Debug;
		};
		567B0A6E24167A2E00B595A7 /* Release */ = {
			isa = XCBuildConfiguration;
			baseConfigurationReference = C3AEABD81807DB8C6E651C4D /* Pods-BookCollection.release.xcconfig */;
			buildSettings = {
				ASSETCATALOG_COMPILER_APPICON_NAME = AppIcon;
				ASSETCATALOG_COMPILER_LAUNCHIMAGE_NAME = "";
				CODE_SIGN_STYLE = Automatic;
				DEVELOPMENT_TEAM = 8357EARWFK;
				INFOPLIST_FILE = "$(SRCROOT)/BookCollection/AppDelegate/Info.plist";
				LD_RUNPATH_SEARCH_PATHS = (
					"$(inherited)",
					"@executable_path/Frameworks",
				);
				PRODUCT_BUNDLE_IDENTIFIER = com.varrtix.BookCollection;
				PRODUCT_NAME = "$(TARGET_NAME)";
				SWIFT_VERSION = 5.0;
				TARGETED_DEVICE_FAMILY = 1;
			};
			name = Release;
		};
		567B0A7024167A2E00B595A7 /* Debug */ = {
			isa = XCBuildConfiguration;
			buildSettings = {
				ALWAYS_EMBED_SWIFT_STANDARD_LIBRARIES = YES;
				BUNDLE_LOADER = "$(TEST_HOST)";
				CODE_SIGN_STYLE = Automatic;
				DEVELOPMENT_TEAM = 8357EARWFK;
				INFOPLIST_FILE = BookCollectionTests/Info.plist;
				IPHONEOS_DEPLOYMENT_TARGET = 13.2;
				LD_RUNPATH_SEARCH_PATHS = (
					"$(inherited)",
					"@executable_path/Frameworks",
					"@loader_path/Frameworks",
				);
				PRODUCT_BUNDLE_IDENTIFIER = com.varrtix.BookCollectionTests;
				PRODUCT_NAME = "$(TARGET_NAME)";
				SWIFT_VERSION = 5.0;
				TARGETED_DEVICE_FAMILY = "1,2";
				TEST_HOST = "$(BUILT_PRODUCTS_DIR)/BookCollection.app/BookCollection";
			};
			name = Debug;
		};
		567B0A7124167A2E00B595A7 /* Release */ = {
			isa = XCBuildConfiguration;
			buildSettings = {
				ALWAYS_EMBED_SWIFT_STANDARD_LIBRARIES = YES;
				BUNDLE_LOADER = "$(TEST_HOST)";
				CODE_SIGN_STYLE = Automatic;
				DEVELOPMENT_TEAM = 8357EARWFK;
				INFOPLIST_FILE = BookCollectionTests/Info.plist;
				IPHONEOS_DEPLOYMENT_TARGET = 13.2;
				LD_RUNPATH_SEARCH_PATHS = (
					"$(inherited)",
					"@executable_path/Frameworks",
					"@loader_path/Frameworks",
				);
				PRODUCT_BUNDLE_IDENTIFIER = com.varrtix.BookCollectionTests;
				PRODUCT_NAME = "$(TARGET_NAME)";
				SWIFT_VERSION = 5.0;
				TARGETED_DEVICE_FAMILY = "1,2";
				TEST_HOST = "$(BUILT_PRODUCTS_DIR)/BookCollection.app/BookCollection";
			};
			name = Release;
		};
		567B0A7324167A2E00B595A7 /* Debug */ = {
			isa = XCBuildConfiguration;
			buildSettings = {
				ALWAYS_EMBED_SWIFT_STANDARD_LIBRARIES = YES;
				CODE_SIGN_STYLE = Automatic;
				DEVELOPMENT_TEAM = 8357EARWFK;
				INFOPLIST_FILE = BookCollectionUITests/Info.plist;
				LD_RUNPATH_SEARCH_PATHS = (
					"$(inherited)",
					"@executable_path/Frameworks",
					"@loader_path/Frameworks",
				);
				PRODUCT_BUNDLE_IDENTIFIER = com.varrtix.BookCollectionUITests;
				PRODUCT_NAME = "$(TARGET_NAME)";
				SWIFT_VERSION = 5.0;
				TARGETED_DEVICE_FAMILY = "1,2";
				TEST_TARGET_NAME = BookCollection;
			};
			name = Debug;
		};
		567B0A7424167A2E00B595A7 /* Release */ = {
			isa = XCBuildConfiguration;
			buildSettings = {
				ALWAYS_EMBED_SWIFT_STANDARD_LIBRARIES = YES;
				CODE_SIGN_STYLE = Automatic;
				DEVELOPMENT_TEAM = 8357EARWFK;
				INFOPLIST_FILE = BookCollectionUITests/Info.plist;
				LD_RUNPATH_SEARCH_PATHS = (
					"$(inherited)",
					"@executable_path/Frameworks",
					"@loader_path/Frameworks",
				);
				PRODUCT_BUNDLE_IDENTIFIER = com.varrtix.BookCollectionUITests;
				PRODUCT_NAME = "$(TARGET_NAME)";
				SWIFT_VERSION = 5.0;
				TARGETED_DEVICE_FAMILY = "1,2";
				TEST_TARGET_NAME = BookCollection;
			};
			name = Release;
		};
/* End XCBuildConfiguration section */

/* Begin XCConfigurationList section */
		567B0A3D24167A2D00B595A7 /* Build configuration list for PBXProject "BookCollection" */ = {
			isa = XCConfigurationList;
			buildConfigurations = (
				567B0A6A24167A2E00B595A7 /* Debug */,
				567B0A6B24167A2E00B595A7 /* Release */,
			);
			defaultConfigurationIsVisible = 0;
			defaultConfigurationName = Release;
		};
		567B0A6C24167A2E00B595A7 /* Build configuration list for PBXNativeTarget "BookCollection" */ = {
			isa = XCConfigurationList;
			buildConfigurations = (
				567B0A6D24167A2E00B595A7 /* Debug */,
				567B0A6E24167A2E00B595A7 /* Release */,
			);
			defaultConfigurationIsVisible = 0;
			defaultConfigurationName = Release;
		};
		567B0A6F24167A2E00B595A7 /* Build configuration list for PBXNativeTarget "BookCollectionTests" */ = {
			isa = XCConfigurationList;
			buildConfigurations = (
				567B0A7024167A2E00B595A7 /* Debug */,
				567B0A7124167A2E00B595A7 /* Release */,
			);
			defaultConfigurationIsVisible = 0;
			defaultConfigurationName = Release;
		};
		567B0A7224167A2E00B595A7 /* Build configuration list for PBXNativeTarget "BookCollectionUITests" */ = {
			isa = XCConfigurationList;
			buildConfigurations = (
				567B0A7324167A2E00B595A7 /* Debug */,
				567B0A7424167A2E00B595A7 /* Release */,
			);
			defaultConfigurationIsVisible = 0;
			defaultConfigurationName = Release;
		};
/* End XCConfigurationList section */
	};
	rootObject = 567B0A3A24167A2D00B595A7 /* Project object */;
}
